
Microsoft Visual Studio Solution File, Format Version 12.00
# Visual Studio Version 16
VisualStudioVersion = 16.0.31702.278
MinimumVisualStudioVersion = 10.0.40219.1
Project("{FAE04EC0-301F-11D3-BF4B-00C04F79EFBC}") = "SQL_Control_Tool", "SQL_Control_Tool\SQL_Control_Tool.csproj", "{4C1319B1-23A5-4A00-9936-E7BA6A345D78}"
EndProject
Global
	GlobalSection(SolutionConfigurationPlatforms) = preSolution
		Debug|Any CPU = Debug|Any CPU
		Release|Any CPU = Release|Any CPU
	EndGlobalSection
	GlobalSection(ProjectConfigurationPlatforms) = postSolution
		{4C1319B1-23A5-4A00-9936-E7BA6A345D78}.Debug|Any CPU.ActiveCfg = Debug|Any CPU
		{4C1319B1-23A5-4A00-9936-E7BA6A345D78}.Debug|Any CPU.Build.0 = Debug|Any CPU
		{4C1319B1-23A5-4A00-9936-E7BA6A345D78}.Release|Any CPU.ActiveCfg = Release|Any CPU
		{4C1319B1-23A5-4A00-9936-E7BA6A345D78}.Release|Any CPU.Build.0 = Release|Any CPU
	EndGlobalSection
	GlobalSection(SolutionProperties) = preSolution
		HideSolutionNode = FALSE
	EndGlobalSection
	GlobalSection(ExtensibilityGlobals) = postSolution
		SolutionGuid = {E67E5F65-3A9D-40F8-BAA7-2E11134A58E9}
	EndGlobalSection
EndGlobal
